
Microsoft Visual Studio Solution File, Format Version 12.00
# Visual Studio Version 17
VisualStudioVersion = 17.0.32002.185
MinimumVisualStudioVersion = 10.0.40219.1
Project("{9A19103F-16F7-4668-BE54-9A1E7A4F7556}") = "UdemyRabbitmq.publisher", "UdemyRabbitmq.publisher\UdemyRabbitmq.publisher.csproj", "{B85448BC-79A3-4E2B-AA9A-9D426326C9D4}"
EndProject
Project("{9A19103F-16F7-4668-BE54-9A1E7A4F7556}") = "UdemyRabbitMQ.subscriber", "UdemyRabbitMQ.subscriber\UdemyRabbitMQ.subscriber.csproj", "{C14443FC-859C-498E-9DB6-2E83655089EF}"
EndProject
Project("{FAE04EC0-301F-11D3-BF4B-00C04F79EFBC}") = "Shared", "Shared\Shared.csproj", "{EB20EFD2-7F42-41BA-9B59-09A8D4DCD70B}"
EndProject
Global
	GlobalSection(SolutionConfigurationPlatforms) = preSolution
		Debug|Any CPU = Debug|Any CPU
		Release|Any CPU = Release|Any CPU
	EndGlobalSection
	GlobalSection(ProjectConfigurationPlatforms) = postSolution
		{B85448BC-79A3-4E2B-AA9A-9D426326C9D4}.Debug|Any CPU.ActiveCfg = Debug|Any CPU
		{B85448BC-79A3-4E2B-AA9A-9D426326C9D4}.Debug|Any CPU.Build.0 = Debug|Any CPU
		{B85448BC-79A3-4E2B-AA9A-9D426326C9D4}.Release|Any CPU.ActiveCfg = Release|Any CPU
		{B85448BC-79A3-4E2B-AA9A-9D426326C9D4}.Release|Any CPU.Build.0 = Release|Any CPU
		{C14443FC-859C-498E-9DB6-2E83655089EF}.Debug|Any CPU.ActiveCfg = Debug|Any CPU
		{C14443FC-859C-498E-9DB6-2E83655089EF}.Debug|Any CPU.Build.0 = Debug|Any CPU
		{C14443FC-859C-498E-9DB6-2E83655089EF}.Release|Any CPU.ActiveCfg = Release|Any CPU
		{C14443FC-859C-498E-9DB6-2E83655089EF}.Release|Any CPU.Build.0 = Release|Any CPU
		{EB20EFD2-7F42-41BA-9B59-09A8D4DCD70B}.Debug|Any CPU.ActiveCfg = Debug|Any CPU
		{EB20EFD2-7F42-41BA-9B59-09A8D4DCD70B}.Debug|Any CPU.Build.0 = Debug|Any CPU
		{EB20EFD2-7F42-41BA-9B59-09A8D4DCD70B}.Release|Any CPU.ActiveCfg = Release|Any CPU
		{EB20EFD2-7F42-41BA-9B59-09A8D4DCD70B}.Release|Any CPU.Build.0 = Release|Any CPU
	EndGlobalSection
	GlobalSection(SolutionProperties) = preSolution
		HideSolutionNode = FALSE
	EndGlobalSection
	GlobalSection(ExtensibilityGlobals) = postSolution
		SolutionGuid = {9F0DFAE1-7C26-4D83-B6D4-8303633F38B3}
	EndGlobalSection
EndGlobal
